# This file is automatically @generated by pesde.
# It is not intended for manual editing.
format = 2
name = "spiraljng/sentryroblox"
version = "2.0.0"
target = "roblox"

[graph."ewdev/tiniest@0.0.0-20251120T191744Z roblox"]
direct = ["tiniest", { name = "ewdev/tiniest", version = "^0.0.0-20251120T191744Z", index = "default" }, "dev"]

[graph."ewdev/tiniest@0.0.0-20251120T191744Z roblox".pkg_ref]
ref_ty = "pesde"
index_url = "https://github.com/pesde-pkg/index"

[graph."ewdev/tiniest@0.0.0-20251120T191744Z lune"]
direct = ["tiniest_lune", { name = "ewdev/tiniest", version = "^0.0.0-20251120T191744Z", index = "default", target = "lune" }, "dev"]

[graph."ewdev/tiniest@0.0.0-20251120T191744Z lune".pkg_ref]
ref_ty = "pesde"
index_url = "https://github.com/pesde-pkg/index"
